
Microsoft Visual Studio Solution File, Format Version 11.00
# Visual Studio 2010
Project("{8BC9CEB8-8B4A-11D0-8D11-00A0C91BC942}") = "Template2", "Template2\Template2.vcxproj", "{C9EDB2F6-6B01-4B47-8128-F5BF33B892A7}"
EndProject
Global
	GlobalSection(SolutionConfigurationPlatforms) = preSolution
		Debug|Win32 = Debug|Win32
		Release|Win32 = Release|Win32
	EndGlobalSection
	GlobalSection(ProjectConfigurationPlatforms) = postSolution
		{C9EDB2F6-6B01-4B47-8128-F5BF33B892A7}.Debug|Win32.ActiveCfg = Debug|Win32
		{C9EDB2F6-6B01-4B47-8128-F5BF33B892A7}.Debug|Win32.Build.0 = Debug|Win32
		{C9EDB2F6-6B01-4B47-8128-F5BF33B892A7}.Release|Win32.ActiveCfg = Release|Win32
		{C9EDB2F6-6B01-4B47-8128-F5BF33B892A7}.Release|Win32.Build.0 = Release|Win32
	EndGlobalSection
	GlobalSection(SolutionProperties) = preSolution
		HideSolutionNode = FALSE
	EndGlobalSection
EndGlobal
